// !$*UTF8*$!
{
	archiveVersion = 1;
	classes = {
	};
	objectVersion = 77;
	objects = {

/* Begin PBXBuildFile section */
		078ACCCD2EAD4E3100569936 /* CityRowView.swift in Sources */ = {isa = PBXBuildFile; fileRef = 078ACCCC2EAD4E3100569936 /* CityRowView.swift */; };
		078ACCD12EAD4EF100569936 /* WeatherDetailView.swift in Sources */ = {isa = PBXBuildFile; fileRef = 078ACCD02EAD4EF100569936 /* WeatherDetailView.swift */; };
		078ACCD92EAD849000569936 /* CityListViewModel.swift in Sources */ = {isa = PBXBuildFile; fileRef = 078ACCD82EAD849000569936 /* CityListViewModel.swift */; };
		078ACCDB2EAD854A00569936 /* WeatherDetailViewModel.swift in Sources */ = {isa = PBXBuildFile; fileRef = 078ACCDA2EAD854A00569936 /* WeatherDetailViewModel.swift */; };
		0795A1CE2EACF46D009A1B69 /* CityListView.swift in Sources */ = {isa = PBXBuildFile; fileRef = 0795A1CB2EACF46D009A1B69 /* CityListView.swift */; };
		0795A1CF2EACF46D009A1B69 /* Weather_AppApp.swift in Sources */ = {isa = PBXBuildFile; fileRef = 0795A1CC2EACF46D009A1B69 /* Weather_AppApp.swift */; };
		0795A1D02EACF46D009A1B69 /* Assets.xcassets in Resources */ = {isa = PBXBuildFile; fileRef = 0795A1CA2EACF46D009A1B69 /* Assets.xcassets */; };
		0795A1E52EACF9CE009A1B69 /* CityCurrentWeather.swift in Sources */ = {isa = PBXBuildFile; fileRef = 0795A1E42EACF9CE009A1B69 /* CityCurrentWeather.swift */; };
		0795A1E72EACFA0E009A1B69 /* WeatherService.swift in Sources */ = {isa = PBXBuildFile; fileRef = 0795A1E62EACFA0E009A1B69 /* WeatherService.swift */; };
		40FBA507DC6C0157F62CFAC3 /* Pods_Weather_App.framework in Frameworks */ = {isa = PBXBuildFile; fileRef = 9E611D46AB9A5C50AD16FE2C /* Pods_Weather_App.framework */; };
		9ABA63D82EAE377400C5C2C7 /* AddCityView.swift in Sources */ = {isa = PBXBuildFile; fileRef = 9ABA63D72EAE377400C5C2C7 /* AddCityView.swift */; };
		9ABA63E02EAE416B00C5C2C7 /* PersistenceController.swift in Sources */ = {isa = PBXBuildFile; fileRef = 9ABA63DF2EAE416B00C5C2C7 /* PersistenceController.swift */; };
		9ABA63E32EAE422600C5C2C7 /* WeatherModel.xcdatamodeld in Sources */ = {isa = PBXBuildFile; fileRef = 9ABA63E12EAE422600C5C2C7 /* WeatherModel.xcdatamodeld */; };
		9ABA63E52EAE434A00C5C2C7 /* CityHistoryView.swift in Sources */ = {isa = PBXBuildFile; fileRef = 9ABA63E42EAE434A00C5C2C7 /* CityHistoryView.swift */; };
/* End PBXBuildFile section */

/* Begin PBXFileReference section */
		078ACCCC2EAD4E3100569936 /* CityRowView.swift */ = {isa = PBXFileReference; lastKnownFileType = sourcecode.swift; path = CityRowView.swift; sourceTree = "<group>"; };
		078ACCD02EAD4EF100569936 /* WeatherDetailView.swift */ = {isa = PBXFileReference; lastKnownFileType = sourcecode.swift; path = WeatherDetailView.swift; sourceTree = "<group>"; };
		078ACCD82EAD849000569936 /* CityListViewModel.swift */ = {isa = PBXFileReference; lastKnownFileType = sourcecode.swift; path = CityListViewModel.swift; sourceTree = "<group>"; };
		078ACCDA2EAD854A00569936 /* WeatherDetailViewModel.swift */ = {isa = PBXFileReference; lastKnownFileType = sourcecode.swift; path = WeatherDetailViewModel.swift; sourceTree = "<group>"; };
		0795A1CA2EACF46D009A1B69 /* Assets.xcassets */ = {isa = PBXFileReference; lastKnownFileType = folder.assetcatalog; path = Assets.xcassets; sourceTree = "<group>"; };
		0795A1CB2EACF46D009A1B69 /* CityListView.swift */ = {isa = PBXFileReference; lastKnownFileType = sourcecode.swift; path = CityListView.swift; sourceTree = "<group>"; };
		0795A1CC2EACF46D009A1B69 /* Weather_AppApp.swift */ = {isa = PBXFileReference; lastKnownFileType = sourcecode.swift; path = Weather_AppApp.swift; sourceTree = "<group>"; };
		0795A1E42EACF9CE009A1B69 /* CityCurrentWeather.swift */ = {isa = PBXFileReference; lastKnownFileType = sourcecode.swift; path = CityCurrentWeather.swift; sourceTree = "<group>"; };
		0795A1E62EACFA0E009A1B69 /* WeatherService.swift */ = {isa = PBXFileReference; lastKnownFileType = sourcecode.swift; path = WeatherService.swift; sourceTree = "<group>"; };
		07D80B302EACED2E00DC96E0 /* Weather App.app */ = {isa = PBXFileReference; explicitFileType = wrapper.application; includeInIndex = 0; path = "Weather App.app"; sourceTree = BUILT_PRODUCTS_DIR; };
		21E89D4E18654C7F62F0EF0A /* Pods-Weather App.release.xcconfig */ = {isa = PBXFileReference; includeInIndex = 1; lastKnownFileType = text.xcconfig; name = "Pods-Weather App.release.xcconfig"; path = "Target Support Files/Pods-Weather App/Pods-Weather App.release.xcconfig"; sourceTree = "<group>"; };
		59A4023B4BF87630F00268C3 /* Pods-Weather App.debug.xcconfig */ = {isa = PBXFileReference; includeInIndex = 1; lastKnownFileType = text.xcconfig; name = "Pods-Weather App.debug.xcconfig"; path = "Target Support Files/Pods-Weather App/Pods-Weather App.debug.xcconfig"; sourceTree = "<group>"; };
		9ABA63D72EAE377400C5C2C7 /* AddCityView.swift */ = {isa = PBXFileReference; lastKnownFileType = sourcecode.swift; path = AddCityView.swift; sourceTree = "<group>"; };
		9ABA63DF2EAE416B00C5C2C7 /* PersistenceController.swift */ = {isa = PBXFileReference; lastKnownFileType = sourcecode.swift; path = PersistenceController.swift; sourceTree = "<group>"; };
		9ABA63E22EAE422600C5C2C7 /* WeatherModel.xcdatamodel */ = {isa = PBXFileReference; lastKnownFileType = wrapper.xcdatamodel; path = WeatherModel.xcdatamodel; sourceTree = "<group>"; };
		9ABA63E42EAE434A00C5C2C7 /* CityHistoryView.swift */ = {isa = PBXFileReference; lastKnownFileType = sourcecode.swift; path = CityHistoryView.swift; sourceTree = "<group>"; };
		9E611D46AB9A5C50AD16FE2C /* Pods_Weather_App.framework */ = {isa = PBXFileReference; explicitFileType = wrapper.framework; includeInIndex = 0; path = Pods_Weather_App.framework; sourceTree = BUILT_PRODUCTS_DIR; };
/* End PBXFileReference section */

/* Begin PBXFrameworksBuildPhase section */
		07D80B2D2EACED2E00DC96E0 /* Frameworks */ = {
			isa = PBXFrameworksBuildPhase;
			buildActionMask = 2147483647;
			files = (
				40FBA507DC6C0157F62CFAC3 /* Pods_Weather_App.framework in Frameworks */,
			);
			runOnlyForDeploymentPostprocessing = 0;
		};
/* End PBXFrameworksBuildPhase section */

/* Begin PBXGroup section */
		0795A1CD2EACF46D009A1B69 /* Weather App */ = {
			isa = PBXGroup;
			children = (
				0795A1CA2EACF46D009A1B69 /* Assets.xcassets */,
				0795A1CC2EACF46D009A1B69 /* Weather_AppApp.swift */,
				9ABA63DE2EAE415800C5C2C7 /* PersistenceController */,
				0795A1DE2EACF8B9009A1B69 /* Services */,
				0795A1D32EACF7B9009A1B69 /* ViewModel */,
				0795A1D22EACF7B0009A1B69 /* View */,
				0795A1D12EACF7A2009A1B69 /* Model */,
			);
			path = "Weather App";
			sourceTree = "<group>";
		};
		0795A1D12EACF7A2009A1B69 /* Model */ = {
			isa = PBXGroup;
			children = (
				0795A1E42EACF9CE009A1B69 /* CityCurrentWeather.swift */,
			);
			path = Model;
			sourceTree = "<group>";
		};
		0795A1D22EACF7B0009A1B69 /* View */ = {
			isa = PBXGroup;
			children = (
				0795A1CB2EACF46D009A1B69 /* CityListView.swift */,
				078ACCCC2EAD4E3100569936 /* CityRowView.swift */,
				078ACCD02EAD4EF100569936 /* WeatherDetailView.swift */,
				9ABA63D72EAE377400C5C2C7 /* AddCityView.swift */,
				9ABA63E42EAE434A00C5C2C7 /* CityHistoryView.swift */,
			);
			path = View;
			sourceTree = "<group>";
		};
		0795A1D32EACF7B9009A1B69 /* ViewModel */ = {
			isa = PBXGroup;
			children = (
				078ACCD82EAD849000569936 /* CityListViewModel.swift */,
				078ACCDA2EAD854A00569936 /* WeatherDetailViewModel.swift */,
			);
			path = ViewModel;
			sourceTree = "<group>";
		};
		0795A1DE2EACF8B9009A1B69 /* Services */ = {
			isa = PBXGroup;
			children = (
				0795A1E62EACFA0E009A1B69 /* WeatherService.swift */,
			);
			path = Services;
			sourceTree = "<group>";
		};
		07D80B272EACED2E00DC96E0 = {
			isa = PBXGroup;
			children = (
				0795A1CD2EACF46D009A1B69 /* Weather App */,
				07D80B312EACED2E00DC96E0 /* Products */,
				3FE5E3E6DE5A1B4F074D665D /* Pods */,
				0AFA2C85E13DD6157D05338D /* Frameworks */,
			);
			sourceTree = "<group>";
		};
		07D80B312EACED2E00DC96E0 /* Products */ = {
			isa = PBXGroup;
			children = (
				07D80B302EACED2E00DC96E0 /* Weather App.app */,
			);
			name = Products;
			sourceTree = "<group>";
		};
		0AFA2C85E13DD6157D05338D /* Frameworks */ = {
			isa = PBXGroup;
			children = (
				9E611D46AB9A5C50AD16FE2C /* Pods_Weather_App.framework */,
			);
			name = Frameworks;
			sourceTree = "<group>";
		};
		3FE5E3E6DE5A1B4F074D665D /* Pods */ = {
			isa = PBXGroup;
			children = (
				59A4023B4BF87630F00268C3 /* Pods-Weather App.debug.xcconfig */,
				21E89D4E18654C7F62F0EF0A /* Pods-Weather App.release.xcconfig */,
			);
			path = Pods;
			sourceTree = "<group>";
		};
		9ABA63DE2EAE415800C5C2C7 /* PersistenceController */ = {
			isa = PBXGroup;
			children = (
				9ABA63DF2EAE416B00C5C2C7 /* PersistenceController.swift */,
				9ABA63E12EAE422600C5C2C7 /* WeatherModel.xcdatamodeld */,
			);
			path = PersistenceController;
			sourceTree = "<group>";
		};
/* End PBXGroup section */

/* Begin PBXNativeTarget section */
		07D80B2F2EACED2E00DC96E0 /* Weather App */ = {
			isa = PBXNativeTarget;
			buildConfigurationList = 07D80B3B2EACED3100DC96E0 /* Build configuration list for PBXNativeTarget "Weather App" */;
			buildPhases = (
				D0DFDCFF3133469061814BD0 /* [CP] Check Pods Manifest.lock */,
				07D80B2C2EACED2E00DC96E0 /* Sources */,
				07D80B2D2EACED2E00DC96E0 /* Frameworks */,
				07D80B2E2EACED2E00DC96E0 /* Resources */,
				4D7C2CBA58EC802FCC724E77 /* [CP] Embed Pods Frameworks */,
			);
			buildRules = (
			);
			dependencies = (
			);
			name = "Weather App";
			productName = "Weather App";
			productReference = 07D80B302EACED2E00DC96E0 /* Weather App.app */;
			productType = "com.apple.product-type.application";
		};
/* End PBXNativeTarget section */

/* Begin PBXProject section */
		07D80B282EACED2E00DC96E0 /* Project object */ = {
			isa = PBXProject;
			attributes = {
				BuildIndependentTargetsInParallel = 1;
				LastSwiftUpdateCheck = 2600;
				LastUpgradeCheck = 2600;
				TargetAttributes = {
					07D80B2F2EACED2E00DC96E0 = {
						CreatedOnToolsVersion = 26.0.1;
					};
				};
			};
			buildConfigurationList = 07D80B2B2EACED2E00DC96E0 /* Build configuration list for PBXProject "Weather App" */;
			developmentRegion = en;
			hasScannedForEncodings = 0;
			knownRegions = (
				en,
				Base,
			);
			mainGroup = 07D80B272EACED2E00DC96E0;
			minimizedProjectReferenceProxies = 1;
			preferredProjectObjectVersion = 77;
			productRefGroup = 07D80B312EACED2E00DC96E0 /* Products */;
			projectDirPath = "";
			projectRoot = "";
			targets = (
				07D80B2F2EACED2E00DC96E0 /* Weather App */,
			);
		};
/* End PBXProject section */

/* Begin PBXResourcesBuildPhase section */
		07D80B2E2EACED2E00DC96E0 /* Resources */ = {
			isa = PBXResourcesBuildPhase;
			buildActionMask = 2147483647;
			files = (
				0795A1D02EACF46D009A1B69 /* Assets.xcassets in Resources */,
			);
			runOnlyForDeploymentPostprocessing = 0;
		};
/* End PBXResourcesBuildPhase section */

/* Begin PBXShellScriptBuildPhase section */
		4D7C2CBA58EC802FCC724E77 /* [CP] Embed Pods Frameworks */ = {
			isa = PBXShellScriptBuildPhase;
			buildActionMask = 2147483647;
			files = (
			);
			inputFileListPaths = (
				"${PODS_ROOT}/Target Support Files/Pods-Weather App/Pods-Weather App-frameworks-${CONFIGURATION}-input-files.xcfilelist",
			);
			inputPaths = (
			);
			name = "[CP] Embed Pods Frameworks";
			outputFileListPaths = (
				"${PODS_ROOT}/Target Support Files/Pods-Weather App/Pods-Weather App-frameworks-${CONFIGURATION}-output-files.xcfilelist",
			);
			outputPaths = (
			);
			runOnlyForDeploymentPostprocessing = 0;
			shellPath = /bin/sh;
			shellScript = "\"${PODS_ROOT}/Target Support Files/Pods-Weather App/Pods-Weather App-frameworks.sh\"\n";
			showEnvVarsInLog = 0;
		};
		D0DFDCFF3133469061814BD0 /* [CP] Check Pods Manifest.lock */ = {
			isa = PBXShellScriptBuildPhase;
			buildActionMask = 2147483647;
			files = (
			);
			inputFileListPaths = (
			);
			inputPaths = (
				"${PODS_PODFILE_DIR_PATH}/Podfile.lock",
				"${PODS_ROOT}/Manifest.lock",
			);
			name = "[CP] Check Pods Manifest.lock";
			outputFileListPaths = (
			);
			outputPaths = (
				"$(DERIVED_FILE_DIR)/Pods-Weather App-checkManifestLockResult.txt",
			);
			runOnlyForDeploymentPostprocessing = 0;
			shellPath = /bin/sh;
			shellScript = "diff \"${PODS_PODFILE_DIR_PATH}/Podfile.lock\" \"${PODS_ROOT}/Manifest.lock\" > /dev/null\nif [ $? != 0 ] ; then\n    # print error to STDERR\n    echo \"error: The sandbox is not in sync with the Podfile.lock. Run 'pod install' or update your CocoaPods installation.\" >&2\n    exit 1\nfi\n# This output is used by Xcode 'outputs' to avoid re-running this script phase.\necho \"SUCCESS\" > \"${SCRIPT_OUTPUT_FILE_0}\"\n";
			showEnvVarsInLog = 0;
		};
/* End PBXShellScriptBuildPhase section */

/* Begin PBXSourcesBuildPhase section */
		07D80B2C2EACED2E00DC96E0 /* Sources */ = {
			isa = PBXSourcesBuildPhase;
			buildActionMask = 2147483647;
			files = (
				078ACCCD2EAD4E3100569936 /* CityRowView.swift in Sources */,
				078ACCD12EAD4EF100569936 /* WeatherDetailView.swift in Sources */,
				0795A1E72EACFA0E009A1B69 /* WeatherService.swift in Sources */,
				9ABA63E32EAE422600C5C2C7 /* WeatherModel.xcdatamodeld in Sources */,
				078ACCD92EAD849000569936 /* CityListViewModel.swift in Sources */,
				0795A1CE2EACF46D009A1B69 /* CityListView.swift in Sources */,
				9ABA63E52EAE434A00C5C2C7 /* CityHistoryView.swift in Sources */,
				0795A1CF2EACF46D009A1B69 /* Weather_AppApp.swift in Sources */,
				0795A1E52EACF9CE009A1B69 /* CityCurrentWeather.swift in Sources */,
				9ABA63D82EAE377400C5C2C7 /* AddCityView.swift in Sources */,
				078ACCDB2EAD854A00569936 /* WeatherDetailViewModel.swift in Sources */,
				9ABA63E02EAE416B00C5C2C7 /* PersistenceController.swift in Sources */,
			);
			runOnlyForDeploymentPostprocessing = 0;
		};
/* End PBXSourcesBuildPhase section */

/* Begin XCBuildConfiguration section */
		07D80B392EACED3100DC96E0 /* Debug */ = {
			isa = XCBuildConfiguration;
			buildSettings = {
				ALWAYS_SEARCH_USER_PATHS = NO;
				ASSETCATALOG_COMPILER_GENERATE_SWIFT_ASSET_SYMBOL_EXTENSIONS = YES;
				CLANG_ANALYZER_NONNULL = YES;
				CLANG_ANALYZER_NUMBER_OBJECT_CONVERSION = YES_AGGRESSIVE;
				CLANG_CXX_LANGUAGE_STANDARD = "gnu++20";
				CLANG_ENABLE_MODULES = YES;
				CLANG_ENABLE_OBJC_ARC = YES;
				CLANG_ENABLE_OBJC_WEAK = YES;
				CLANG_WARN_BLOCK_CAPTURE_AUTORELEASING = YES;
				CLANG_WARN_BOOL_CONVERSION = YES;
				CLANG_WARN_COMMA = YES;
				CLANG_WARN_CONSTANT_CONVERSION = YES;
				CLANG_WARN_DEPRECATED_OBJC_IMPLEMENTATIONS = YES;
				CLANG_WARN_DIRECT_OBJC_ISA_USAGE = YES_ERROR;
				CLANG_WARN_DOCUMENTATION_COMMENTS = YES;
				CLANG_WARN_EMPTY_BODY = YES;
				CLANG_WARN_ENUM_CONVERSION = YES;
				CLANG_WARN_INFINITE_RECURSION = YES;
				CLANG_WARN_INT_CONVERSION = YES;
				CLANG_WARN_NON_LITERAL_NULL_CONVERSION = YES;
				CLANG_WARN_OBJC_IMPLICIT_RETAIN_SELF = YES;
				CLANG_WARN_OBJC_LITERAL_CONVERSION = YES;
				CLANG_WARN_OBJC_ROOT_CLASS = YES_ERROR;
				CLANG_WARN_QUOTED_INCLUDE_IN_FRAMEWORK_HEADER = YES;
				CLANG_WARN_RANGE_LOOP_ANALYSIS = YES;
				CLANG_WARN_STRICT_PROTOTYPES = YES;
				CLANG_WARN_SUSPICIOUS_MOVE = YES;
				CLANG_WARN_UNGUARDED_AVAILABILITY = YES_AGGRESSIVE;
				CLANG_WARN_UNREACHABLE_CODE = YES;
				CLANG_WARN__DUPLICATE_METHOD_MATCH = YES;
				COPY_PHASE_STRIP = NO;
				DEBUG_INFORMATION_FORMAT = dwarf;
				DEVELOPMENT_TEAM = 93PMTVQQMD;
				ENABLE_STRICT_OBJC_MSGSEND = YES;
				ENABLE_TESTABILITY = YES;
				ENABLE_USER_SCRIPT_SANDBOXING = YES;
				GCC_C_LANGUAGE_STANDARD = gnu17;
				GCC_DYNAMIC_NO_PIC = NO;
				GCC_NO_COMMON_BLOCKS = YES;
				GCC_OPTIMIZATION_LEVEL = 0;
				GCC_PREPROCESSOR_DEFINITIONS = (
					"DEBUG=1",
					"$(inherited)",
				);
				GCC_WARN_64_TO_32_BIT_CONVERSION = YES;
				GCC_WARN_ABOUT_RETURN_TYPE = YES_ERROR;
				GCC_WARN_UNDECLARED_SELECTOR = YES;
				GCC_WARN_UNINITIALIZED_AUTOS = YES_AGGRESSIVE;
				GCC_WARN_UNUSED_FUNCTION = YES;
				GCC_WARN_UNUSED_VARIABLE = YES;
				IPHONEOS_DEPLOYMENT_TARGET = 26.0;
				LOCALIZATION_PREFERS_STRING_CATALOGS = YES;
				MTL_ENABLE_DEBUG_INFO = INCLUDE_SOURCE;
				MTL_FAST_MATH = YES;
				ONLY_ACTIVE_ARCH = YES;
				SDKROOT = iphoneos;
				SWIFT_ACTIVE_COMPILATION_CONDITIONS = "DEBUG $(inherited)";
				SWIFT_OPTIMIZATION_LEVEL = "-Onone";
			};
			name = Debug;
		};
		07D80B3A2EACED3100DC96E0 /* Release */ = {
			isa = XCBuildConfiguration;
			buildSettings = {
				ALWAYS_SEARCH_USER_PATHS = NO;
				ASSETCATALOG_COMPILER_GENERATE_SWIFT_ASSET_SYMBOL_EXTENSIONS = YES;
				CLANG_ANALYZER_NONNULL = YES;
				CLANG_ANALYZER_NUMBER_OBJECT_CONVERSION = YES_AGGRESSIVE;
				CLANG_CXX_LANGUAGE_STANDARD = "gnu++20";
				CLANG_ENABLE_MODULES = YES;
				CLANG_ENABLE_OBJC_ARC = YES;
				CLANG_ENABLE_OBJC_WEAK = YES;
				CLANG_WARN_BLOCK_CAPTURE_AUTORELEASING = YES;
				CLANG_WARN_BOOL_CONVERSION = YES;
				CLANG_WARN_COMMA = YES;
				CLANG_WARN_CONSTANT_CONVERSION = YES;
				CLANG_WARN_DEPRECATED_OBJC_IMPLEMENTATIONS = YES;
				CLANG_WARN_DIRECT_OBJC_ISA_USAGE = YES_ERROR;
				CLANG_WARN_DOCUMENTATION_COMMENTS = YES;
				CLANG_WARN_EMPTY_BODY = YES;
				CLANG_WARN_ENUM_CONVERSION = YES;
				CLANG_WARN_INFINITE_RECURSION = YES;
				CLANG_WARN_INT_CONVERSION = YES;
				CLANG_WARN_NON_LITERAL_NULL_CONVERSION = YES;
				CLANG_WARN_OBJC_IMPLICIT_RETAIN_SELF = YES;
				CLANG_WARN_OBJC_LITERAL_CONVERSION = YES;
				CLANG_WARN_OBJC_ROOT_CLASS = YES_ERROR;
				CLANG_WARN_QUOTED_INCLUDE_IN_FRAMEWORK_HEADER = YES;
				CLANG_WARN_RANGE_LOOP_ANALYSIS = YES;
				CLANG_WARN_STRICT_PROTOTYPES = YES;
				CLANG_WARN_SUSPICIOUS_MOVE = YES;
				CLANG_WARN_UNGUARDED_AVAILABILITY = YES_AGGRESSIVE;
				CLANG_WARN_UNREACHABLE_CODE = YES;
				CLANG_WARN__DUPLICATE_METHOD_MATCH = YES;
				COPY_PHASE_STRIP = NO;
				DEBUG_INFORMATION_FORMAT = "dwarf-with-dsym";
				DEVELOPMENT_TEAM = 93PMTVQQMD;
				ENABLE_NS_ASSERTIONS = NO;
				ENABLE_STRICT_OBJC_MSGSEND = YES;
				ENABLE_USER_SCRIPT_SANDBOXING = YES;
				GCC_C_LANGUAGE_STANDARD = gnu17;
				GCC_NO_COMMON_BLOCKS = YES;
				GCC_WARN_64_TO_32_BIT_CONVERSION = YES;
				GCC_WARN_ABOUT_RETURN_TYPE = YES_ERROR;
				GCC_WARN_UNDECLARED_SELECTOR = YES;
				GCC_WARN_UNINITIALIZED_AUTOS = YES_AGGRESSIVE;
				GCC_WARN_UNUSED_FUNCTION = YES;
				GCC_WARN_UNUSED_VARIABLE = YES;
				IPHONEOS_DEPLOYMENT_TARGET = 26.0;
				LOCALIZATION_PREFERS_STRING_CATALOGS = YES;
				MTL_ENABLE_DEBUG_INFO = NO;
				MTL_FAST_MATH = YES;
				SDKROOT = iphoneos;
				SWIFT_COMPILATION_MODE = wholemodule;
				VALIDATE_PRODUCT = YES;
			};
			name = Release;
		};
		07D80B3C2EACED3100DC96E0 /* Debug */ = {
			isa = XCBuildConfiguration;
			baseConfigurationReference = 59A4023B4BF87630F00268C3 /* Pods-Weather App.debug.xcconfig */;
			buildSettings = {
				ASSETCATALOG_COMPILER_APPICON_NAME = AppIcon;
				ASSETCATALOG_COMPILER_GLOBAL_ACCENT_COLOR_NAME = AccentColor;
				CODE_SIGN_STYLE = Automatic;
				CURRENT_PROJECT_VERSION = 1;
				DEVELOPMENT_TEAM = 2J622XBF9N;
				ENABLE_PREVIEWS = YES;
				ENABLE_USER_SCRIPT_SANDBOXING = NO;
				GENERATE_INFOPLIST_FILE = YES;
				INFOPLIST_KEY_UIApplicationSceneManifest_Generation = YES;
				INFOPLIST_KEY_UIApplicationSupportsIndirectInputEvents = YES;
				INFOPLIST_KEY_UILaunchScreen_Generation = YES;
				INFOPLIST_KEY_UISupportedInterfaceOrientations = UIInterfaceOrientationPortrait;
				INFOPLIST_KEY_UISupportedInterfaceOrientations_iPad = "UIInterfaceOrientationLandscapeLeft UIInterfaceOrientationLandscapeRight UIInterfaceOrientationPortrait UIInterfaceOrientationPortraitUpsideDown";
				IPHONEOS_DEPLOYMENT_TARGET = 18.6;
				LD_RUNPATH_SEARCH_PATHS = (
					"$(inherited)",
					"@executable_path/Frameworks",
				);
				MARKETING_VERSION = 1.0;
				PRODUCT_BUNDLE_IDENTIFIER = "com.weather.app.Weather-App";
				PRODUCT_NAME = "$(TARGET_NAME)";
				STRING_CATALOG_GENERATE_SYMBOLS = YES;
				SUPPORTED_PLATFORMS = "iphoneos iphonesimulator";
				SUPPORTS_MACCATALYST = NO;
				SUPPORTS_MAC_DESIGNED_FOR_IPHONE_IPAD = NO;
				SUPPORTS_XR_DESIGNED_FOR_IPHONE_IPAD = NO;
				SWIFT_APPROACHABLE_CONCURRENCY = YES;
				SWIFT_DEFAULT_ACTOR_ISOLATION = MainActor;
				SWIFT_EMIT_LOC_STRINGS = YES;
				SWIFT_UPCOMING_FEATURE_MEMBER_IMPORT_VISIBILITY = YES;
				SWIFT_VERSION = 5.0;
				TARGETED_DEVICE_FAMILY = 1;
			};
			name = Debug;
		};
		07D80B3D2EACED3100DC96E0 /* Release */ = {
			isa = XCBuildConfiguration;
			baseConfigurationReference = 21E89D4E18654C7F62F0EF0A /* Pods-Weather App.release.xcconfig */;
			buildSettings = {
				ASSETCATALOG_COMPILER_APPICON_NAME = AppIcon;
				ASSETCATALOG_COMPILER_GLOBAL_ACCENT_COLOR_NAME = AccentColor;
				CODE_SIGN_STYLE = Automatic;
				CURRENT_PROJECT_VERSION = 1;
				DEVELOPMENT_TEAM = 2J622XBF9N;
				ENABLE_PREVIEWS = YES;
				ENABLE_USER_SCRIPT_SANDBOXING = NO;
				GENERATE_INFOPLIST_FILE = YES;
				INFOPLIST_KEY_UIApplicationSceneManifest_Generation = YES;
				INFOPLIST_KEY_UIApplicationSupportsIndirectInputEvents = YES;
				INFOPLIST_KEY_UILaunchScreen_Generation = YES;
				INFOPLIST_KEY_UISupportedInterfaceOrientations = UIInterfaceOrientationPortrait;
				INFOPLIST_KEY_UISupportedInterfaceOrientations_iPad = "UIInterfaceOrientationLandscapeLeft UIInterfaceOrientationLandscapeRight UIInterfaceOrientationPortrait UIInterfaceOrientationPortraitUpsideDown";
				IPHONEOS_DEPLOYMENT_TARGET = 18.6;
				LD_RUNPATH_SEARCH_PATHS = (
					"$(inherited)",
					"@executable_path/Frameworks",
				);
				MARKETING_VERSION = 1.0;
				PRODUCT_BUNDLE_IDENTIFIER = "com.weather.app.Weather-App";
				PRODUCT_NAME = "$(TARGET_NAME)";
				STRING_CATALOG_GENERATE_SYMBOLS = YES;
				SUPPORTED_PLATFORMS = "iphoneos iphonesimulator";
				SUPPORTS_MACCATALYST = NO;
				SUPPORTS_MAC_DESIGNED_FOR_IPHONE_IPAD = NO;
				SUPPORTS_XR_DESIGNED_FOR_IPHONE_IPAD = NO;
				SWIFT_APPROACHABLE_CONCURRENCY = YES;
				SWIFT_DEFAULT_ACTOR_ISOLATION = MainActor;
				SWIFT_EMIT_LOC_STRINGS = YES;
				SWIFT_UPCOMING_FEATURE_MEMBER_IMPORT_VISIBILITY = YES;
				SWIFT_VERSION = 5.0;
				TARGETED_DEVICE_FAMILY = 1;
			};
			name = Release;
		};
/* End XCBuildConfiguration section */

/* Begin XCConfigurationList section */
		07D80B2B2EACED2E00DC96E0 /* Build configuration list for PBXProject "Weather App" */ = {
			isa = XCConfigurationList;
			buildConfigurations = (
				07D80B392EACED3100DC96E0 /* Debug */,
				07D80B3A2EACED3100DC96E0 /* Release */,
			);
			defaultConfigurationIsVisible = 0;
			defaultConfigurationName = Release;
		};
		07D80B3B2EACED3100DC96E0 /* Build configuration list for PBXNativeTarget "Weather App" */ = {
			isa = XCConfigurationList;
			buildConfigurations = (
				07D80B3C2EACED3100DC96E0 /* Debug */,
				07D80B3D2EACED3100DC96E0 /* Release */,
			);
			defaultConfigurationIsVisible = 0;
			defaultConfigurationName = Release;
		};
/* End XCConfigurationList section */

/* Begin XCVersionGroup section */
		9ABA63E12EAE422600C5C2C7 /* WeatherModel.xcdatamodeld */ = {
			isa = XCVersionGroup;
			children = (
				9ABA63E22EAE422600C5C2C7 /* WeatherModel.xcdatamodel */,
			);
			currentVersion = 9ABA63E22EAE422600C5C2C7 /* WeatherModel.xcdatamodel */;
			path = WeatherModel.xcdatamodeld;
			sourceTree = "<group>";
			versionGroupType = wrapper.xcdatamodel;
		};
/* End XCVersionGroup section */
	};
	rootObject = 07D80B282EACED2E00DC96E0 /* Project object */;
}
